
Microsoft Visual Studio Solution File, Format Version 12.00
# Visual Studio 15
VisualStudioVersion = 15.0.28010.2046
MinimumVisualStudioVersion = 10.0.40219.1
Project("{FAE04EC0-301F-11D3-BF4B-00C04F79EFBC}") = "Hackathon", "Hackathon\Hackathon.csproj", "{547A33BF-548F-415D-986F-AA4BF94A392E}"
EndProject
Global
	GlobalSection(SolutionConfigurationPlatforms) = preSolution
		Debug|Any CPU = Debug|Any CPU
		Release|Any CPU = Release|Any CPU
	EndGlobalSection
	GlobalSection(ProjectConfigurationPlatforms) = postSolution
		{547A33BF-548F-415D-986F-AA4BF94A392E}.Debug|Any CPU.ActiveCfg = Debug|Any CPU
		{547A33BF-548F-415D-986F-AA4BF94A392E}.Debug|Any CPU.Build.0 = Debug|Any CPU
		{547A33BF-548F-415D-986F-AA4BF94A392E}.Release|Any CPU.ActiveCfg = Release|Any CPU
		{547A33BF-548F-415D-986F-AA4BF94A392E}.Release|Any CPU.Build.0 = Release|Any CPU
	EndGlobalSection
	GlobalSection(SolutionProperties) = preSolution
		HideSolutionNode = FALSE
	EndGlobalSection
	GlobalSection(ExtensibilityGlobals) = postSolution
		SolutionGuid = {DF8CFB40-E886-4616-94AB-5CE2CB1DA073}
	EndGlobalSection
EndGlobal
